
Microsoft Visual Studio Solution File, Format Version 12.00
# Visual Studio Version 17
VisualStudioVersion = 17.13.35931.197 d17.13
MinimumVisualStudioVersion = 10.0.40219.1
Project("{FAE04EC0-301F-11D3-BF4B-00C04F79EFBC}") = "WebMvc_oracle", "WebMvc_oracle\WebMvc_oracle.csproj", "{D07972DA-DC2E-4C1D-AC75-98C3CA753CAC}"
EndProject
Global
	GlobalSection(SolutionConfigurationPlatforms) = preSolution
		Debug|Any CPU = Debug|Any CPU
		Release|Any CPU = Release|Any CPU
	EndGlobalSection
	GlobalSection(ProjectConfigurationPlatforms) = postSolution
		{D07972DA-DC2E-4C1D-AC75-98C3CA753CAC}.Debug|Any CPU.ActiveCfg = Debug|Any CPU
		{D07972DA-DC2E-4C1D-AC75-98C3CA753CAC}.Debug|Any CPU.Build.0 = Debug|Any CPU
		{D07972DA-DC2E-4C1D-AC75-98C3CA753CAC}.Release|Any CPU.ActiveCfg = Release|Any CPU
		{D07972DA-DC2E-4C1D-AC75-98C3CA753CAC}.Release|Any CPU.Build.0 = Release|Any CPU
	EndGlobalSection
	GlobalSection(SolutionProperties) = preSolution
		HideSolutionNode = FALSE
	EndGlobalSection
	GlobalSection(ExtensibilityGlobals) = postSolution
		SolutionGuid = {F0CEE16E-B0E3-4549-9E43-3744E10D2738}
	EndGlobalSection
EndGlobal
